# This file is autogenerated, do not edit; changes may be undone by the next 'dep ensure'.


[[projects]]
  branch = "master"
  name = "github.com/ChinmayR/PackageB"
  packages = ["."]
  revision = "903789d3d1588d8e2b9f27256ddfb98951ab863d"

[[projects]]
  branch = "master"
  name = "github.com/ChinmayR/PackageC"
  packages = ["."]
  revision = "7e16dd265e555aa2068aa92cfae741ddf2700a4a"

[[projects]]
  branch = "master"
  name = "github.com/ChinmayR/PackageD"
  packages = ["."]
  revision = "56c6404693aa958609b791b21ee67a6e65b1d04d"

[solve-meta]
  analyzer-name = "dep"
  analyzer-version = 1
  inputs-digest = "f4db2e69565e8a75c02016b45f8293fcb098f4524a96d3838d4ddd40b0c9475d"
  solver-name = "gps-cdcl"
  solver-version = 1
